# This file is generated by running "yarn install" inside your project.
# Manual changes might be lost - proceed with caution!

__metadata:
  version: 6
  cacheKey: 8

"@babel/runtime-corejs3@npm:^7.9.6":
  version: 7.22.5
  resolution: "@babel/runtime-corejs3@npm:7.22.5"
  dependencies:
    core-js-pure: ^3.30.2
    regenerator-runtime: ^0.13.11
  checksum: cdeabaa6858cedb0ec47c1245195a09a8fd2de06f4545614acb574d150a81d0e27eb9c08d69787b2c1ad4a1fc57919a3f0599f60d14914227c200563cd595503
  languageName: node
  linkType: hard

"@types/node@npm:^14.0.4":
  version: 14.18.53
  resolution: "@types/node@npm:14.18.53"
  checksum: 3acbcf4e38cdc5999c824db5c6689ca8f4a185562aad5c0263d9859381d8590a16e6a72343aeb30d48ff9a7ac9b6ae259bcb8c2d594703a30d12277904524704
  languageName: node
  linkType: hard

"ajv@npm:^6.12.3":
  version: 6.12.6
  resolution: "ajv@npm:6.12.6"
  dependencies:
    fast-deep-equal: ^3.1.1
    fast-json-stable-stringify: ^2.0.0
    json-schema-traverse: ^0.4.1
    uri-js: ^4.2.2
  checksum: 874972efe5c4202ab0a68379481fbd3d1b5d0a7bd6d3cc21d40d3536ebff3352a2a1fabb632d4fd2cc7fe4cbdcd5ed6782084c9bbf7f32a1536d18f9da5007d4
  languageName: node
  linkType: hard

"ansi-regex@npm:^5.0.1":
  version: 5.0.1
  resolution: "ansi-regex@npm:5.0.1"
  checksum: 2aa4bb54caf2d622f1afdad09441695af2a83aa3fe8b8afa581d205e57ed4261c183c4d3877cee25794443fde5876417d859c108078ab788d6af7e4fe52eb66b
  languageName: node
  linkType: hard

"ansi-styles@npm:^4.1.0":
  version: 4.3.0
  resolution: "ansi-styles@npm:4.3.0"
  dependencies:
    color-convert: ^2.0.1
  checksum: 513b44c3b2105dd14cc42a19271e80f386466c4be574bccf60b627432f9198571ebf4ab1e4c3ba17347658f4ee1711c163d574248c0c1cdc2d5917a0ad582ec4
  languageName: node
  linkType: hard

"argue-cli@npm:^1.2.0":
  version: 1.2.1
  resolution: "argue-cli@npm:1.2.1"
  checksum: 2f2251e6e46af2594f24830755d47d27867c5494733b5ea3e25a3fe31bdaf74f69f599b8054b890bc99f421a64f3e1c45ac792fad5825acb4e71822a49cfcc0e
  languageName: node
  linkType: hard

"asn1@npm:~0.2.3":
  version: 0.2.6
  resolution: "asn1@npm:0.2.6"
  dependencies:
    safer-buffer: ~2.1.0
  checksum: 39f2ae343b03c15ad4f238ba561e626602a3de8d94ae536c46a4a93e69578826305366dc09fbb9b56aec39b4982a463682f259c38e59f6fa380cd72cd61e493d
  languageName: node
  linkType: hard

"assert-plus@npm:1.0.0, assert-plus@npm:^1.0.0":
  version: 1.0.0
  resolution: "assert-plus@npm:1.0.0"
  checksum: 19b4340cb8f0e6a981c07225eacac0e9d52c2644c080198765d63398f0075f83bbc0c8e95474d54224e297555ad0d631c1dcd058adb1ddc2437b41a6b424ac64
  languageName: node
  linkType: hard

"asynckit@npm:^0.4.0":
  version: 0.4.0
  resolution: "asynckit@npm:0.4.0"
  checksum: 7b78c451df768adba04e2d02e63e2d0bf3b07adcd6e42b4cf665cb7ce899bedd344c69a1dcbce355b5f972d597b25aaa1c1742b52cffd9caccb22f348114f6be
  languageName: node
  linkType: hard

"aws-sign2@npm:~0.7.0":
  version: 0.7.0
  resolution: "aws-sign2@npm:0.7.0"
  checksum: b148b0bb0778098ad8cf7e5fc619768bcb51236707ca1d3e5b49e41b171166d8be9fdc2ea2ae43d7decf02989d0aaa3a9c4caa6f320af95d684de9b548a71525
  languageName: node
  linkType: hard

"aws4@npm:^1.8.0":
  version: 1.12.0
  resolution: "aws4@npm:1.12.0"
  checksum: 68f79708ac7c335992730bf638286a3ee0a645cf12575d557860100767c500c08b30e24726b9f03265d74116417f628af78509e1333575e9f8d52a80edfe8cbc
  languageName: node
  linkType: hard

"bcrypt-pbkdf@npm:^1.0.0":
  version: 1.0.2
  resolution: "bcrypt-pbkdf@npm:1.0.2"
  dependencies:
    tweetnacl: ^0.14.3
  checksum: 4edfc9fe7d07019609ccf797a2af28351736e9d012c8402a07120c4453a3b789a15f2ee1530dc49eee8f7eb9379331a8dd4b3766042b9e502f74a68e7f662291
  languageName: node
  linkType: hard

"browserslist-useragent-regexp@npm:^2.1.0":
  version: 2.1.1
  resolution: "browserslist-useragent-regexp@npm:2.1.1"
  dependencies:
    "@babel/runtime-corejs3": ^7.9.6
    "@types/node": ^14.0.4
    argue-cli: ^1.2.0
    browserslist: ^4.5.6
    chalk: ^4.0.0
    easy-table: ^1.1.1
    useragent: ^2.3.0
  bin:
    browserslist-useragent-regexp: lib/cli.js
  checksum: 981a9a9de3904d9bebd4a055146290c6795c398ab8e3c10a5f7e7c746ba8238852db199a1635adcce29c85e36a4530c443127f9522e83e551cbf900c9b56ec9b
  languageName: node
  linkType: hard

"browserslist@npm:^4.5.6":
  version: 4.21.9
  resolution: "browserslist@npm:4.21.9"
  dependencies:
    caniuse-lite: ^1.0.30001503
    electron-to-chromium: ^1.4.431
    node-releases: ^2.0.12
    update-browserslist-db: ^1.0.11
  bin:
    browserslist: cli.js
  checksum: 80d3820584e211484ad1b1a5cfdeca1dd00442f47be87e117e1dda34b628c87e18b81ae7986fa5977b3e6a03154f6d13cd763baa6b8bf5dd9dd19f4926603698
  languageName: node
  linkType: hard

"caniuse-lite@npm:^1.0.30001503":
  version: 1.0.30001511
  resolution: "caniuse-lite@npm:1.0.30001511"
  checksum: b7a8176673b15b9fbff689c6df1f38b69b877d68905120c5b1d4a1a6fa73d165f383aa1c818872435c0180681065b7be81c2cfff8303fed4b3cc54bd305fd67e
  languageName: node
  linkType: hard

"caseless@npm:~0.12.0":
  version: 0.12.0
  resolution: "caseless@npm:0.12.0"
  checksum: b43bd4c440aa1e8ee6baefee8063b4850fd0d7b378f6aabc796c9ec8cb26d27fb30b46885350777d9bd079c5256c0e1329ad0dc7c2817e0bb466810ebb353751
  languageName: node
  linkType: hard

"chalk@npm:^4.0.0":
  version: 4.1.2
  resolution: "chalk@npm:4.1.2"
  dependencies:
    ansi-styles: ^4.1.0
    supports-color: ^7.1.0
  checksum: fe75c9d5c76a7a98d45495b91b2172fa3b7a09e0cc9370e5c8feb1c567b85c4288e2b3fded7cfdd7359ac28d6b3844feb8b82b8686842e93d23c827c417e83fc
  languageName: node
  linkType: hard

"clone@npm:^1.0.2":
  version: 1.0.4
  resolution: "clone@npm:1.0.4"
  checksum: d06418b7335897209e77bdd430d04f882189582e67bd1f75a04565f3f07f5b3f119a9d670c943b6697d0afb100f03b866b3b8a1f91d4d02d72c4ecf2bb64b5dd
  languageName: node
  linkType: hard

"color-convert@npm:^2.0.1":
  version: 2.0.1
  resolution: "color-convert@npm:2.0.1"
  dependencies:
    color-name: ~1.1.4
  checksum: 79e6bdb9fd479a205c71d89574fccfb22bd9053bd98c6c4d870d65c132e5e904e6034978e55b43d69fcaa7433af2016ee203ce76eeba9cfa554b373e7f7db336
  languageName: node
  linkType: hard

"color-name@npm:~1.1.4":
  version: 1.1.4
  resolution: "color-name@npm:1.1.4"
  checksum: b0445859521eb4021cd0fb0cc1a75cecf67fceecae89b63f62b201cca8d345baf8b952c966862a9d9a2632987d4f6581f0ec8d957dfacece86f0a7919316f610
  languageName: node
  linkType: hard

"combined-stream@npm:^1.0.6, combined-stream@npm:~1.0.6":
  version: 1.0.8
  resolution: "combined-stream@npm:1.0.8"
  dependencies:
    delayed-stream: ~1.0.0
  checksum: 49fa4aeb4916567e33ea81d088f6584749fc90c7abec76fd516bf1c5aa5c79f3584b5ba3de6b86d26ddd64bae5329c4c7479343250cfe71c75bb366eae53bb7c
  languageName: node
  linkType: hard

"core-js-pure@npm:^3.30.2":
  version: 3.31.0
  resolution: "core-js-pure@npm:3.31.0"
  checksum: 2bc5d2f6c3c9732fd5c066529b8d41fae9c746206ddf7614712dc4120a9efd47bf894df4fc600fde8c04324171c1999869798b48b23fca128eff5f09f58cd2f6
  languageName: node
  linkType: hard

"core-util-is@npm:1.0.2":
  version: 1.0.2
  resolution: "core-util-is@npm:1.0.2"
  checksum: 7a4c925b497a2c91421e25bf76d6d8190f0b2359a9200dbeed136e63b2931d6294d3b1893eda378883ed363cd950f44a12a401384c609839ea616befb7927dab
  languageName: node
  linkType: hard

"dashdash@npm:^1.12.0":
  version: 1.14.1
  resolution: "dashdash@npm:1.14.1"
  dependencies:
    assert-plus: ^1.0.0
  checksum: 3634c249570f7f34e3d34f866c93f866c5b417f0dd616275decae08147dcdf8fccfaa5947380ccfb0473998ea3a8057c0b4cd90c875740ee685d0624b2983598
  languageName: node
  linkType: hard

"defaults@npm:^1.0.3":
  version: 1.0.4
  resolution: "defaults@npm:1.0.4"
  dependencies:
    clone: ^1.0.2
  checksum: 3a88b7a587fc076b84e60affad8b85245c01f60f38fc1d259e7ac1d89eb9ce6abb19e27215de46b98568dd5bc48471730b327637e6f20b0f1bc85cf00440c80a
  languageName: node
  linkType: hard

"delayed-stream@npm:~1.0.0":
  version: 1.0.0
  resolution: "delayed-stream@npm:1.0.0"
  checksum: 46fe6e83e2cb1d85ba50bd52803c68be9bd953282fa7096f51fc29edd5d67ff84ff753c51966061e5ba7cb5e47ef6d36a91924eddb7f3f3483b1c560f77a0020
  languageName: node
  linkType: hard

"easy-table@npm:^1.1.1":
  version: 1.2.0
  resolution: "easy-table@npm:1.2.0"
  dependencies:
    ansi-regex: ^5.0.1
    wcwidth: ^1.0.1
  dependenciesMeta:
    wcwidth:
      optional: true
  checksum: 66961b19751a68d2d30ce9b74ef750c374cc3112bbcac3d1ed5a939e43c035ecf6b1954098df2d5b05f1e853ab2b67de893794390dcbf0abe1f157fddeb52174
  languageName: node
  linkType: hard

"ecc-jsbn@npm:~0.1.1":
  version: 0.1.2
  resolution: "ecc-jsbn@npm:0.1.2"
  dependencies:
    jsbn: ~0.1.0
    safer-buffer: ^2.1.0
  checksum: 22fef4b6203e5f31d425f5b711eb389e4c6c2723402e389af394f8411b76a488fa414d309d866e2b577ce3e8462d344205545c88a8143cc21752a5172818888a
  languageName: node
  linkType: hard

"electron-to-chromium@npm:^1.4.431":
  version: 1.4.447
  resolution: "electron-to-chromium@npm:1.4.447"
  checksum: 2771bed3f43d8e93bfcedac7b85af11942a5b7af57ebc50bb26b034dafd9e99c040f6168b21f5694ef6348d5056bbc0dca87862a7d3f20864af40db87f7c319e
  languageName: node
  linkType: hard

"escalade@npm:^3.1.1":
  version: 3.1.1
  resolution: "escalade@npm:3.1.1"
  checksum: a3e2a99f07acb74b3ad4989c48ca0c3140f69f923e56d0cba0526240ee470b91010f9d39001f2a4a313841d237ede70a729e92125191ba5d21e74b106800b133
  languageName: node
  linkType: hard

"extend@npm:~3.0.2":
  version: 3.0.2
  resolution: "extend@npm:3.0.2"
  checksum: a50a8309ca65ea5d426382ff09f33586527882cf532931cb08ca786ea3146c0553310bda688710ff61d7668eba9f96b923fe1420cdf56a2c3eaf30fcab87b515
  languageName: node
  linkType: hard

"extsprintf@npm:1.3.0":
  version: 1.3.0
  resolution: "extsprintf@npm:1.3.0"
  checksum: cee7a4a1e34cffeeec18559109de92c27517e5641991ec6bab849aa64e3081022903dd53084f2080d0d2530803aa5ee84f1e9de642c365452f9e67be8f958ce2
  languageName: node
  linkType: hard

"extsprintf@npm:^1.2.0":
  version: 1.4.1
  resolution: "extsprintf@npm:1.4.1"
  checksum: a2f29b241914a8d2bad64363de684821b6b1609d06ae68d5b539e4de6b28659715b5bea94a7265201603713b7027d35399d10b0548f09071c5513e65e8323d33
  languageName: node
  linkType: hard

"fast-deep-equal@npm:^3.1.1":
  version: 3.1.3
  resolution: "fast-deep-equal@npm:3.1.3"
  checksum: e21a9d8d84f53493b6aa15efc9cfd53dd5b714a1f23f67fb5dc8f574af80df889b3bce25dc081887c6d25457cce704e636395333abad896ccdec03abaf1f3f9d
  languageName: node
  linkType: hard

"fast-json-stable-stringify@npm:^2.0.0":
  version: 2.1.0
  resolution: "fast-json-stable-stringify@npm:2.1.0"
  checksum: b191531e36c607977e5b1c47811158733c34ccb3bfde92c44798929e9b4154884378536d26ad90dfecd32e1ffc09c545d23535ad91b3161a27ddbb8ebe0cbecb
  languageName: node
  linkType: hard

"forever-agent@npm:~0.6.1":
  version: 0.6.1
  resolution: "forever-agent@npm:0.6.1"
  checksum: 766ae6e220f5fe23676bb4c6a99387cec5b7b62ceb99e10923376e27bfea72f3c3aeec2ba5f45f3f7ba65d6616965aa7c20b15002b6860833bb6e394dea546a8
  languageName: node
  linkType: hard

"form-data@npm:~2.3.2":
  version: 2.3.3
  resolution: "form-data@npm:2.3.3"
  dependencies:
    asynckit: ^0.4.0
    combined-stream: ^1.0.6
    mime-types: ^2.1.12
  checksum: 10c1780fa13dbe1ff3100114c2ce1f9307f8be10b14bf16e103815356ff567b6be39d70fc4a40f8990b9660012dc24b0f5e1dde1b6426166eb23a445ba068ca3
  languageName: node
  linkType: hard

"getpass@npm:^0.1.1":
  version: 0.1.7
  resolution: "getpass@npm:0.1.7"
  dependencies:
    assert-plus: ^1.0.0
  checksum: ab18d55661db264e3eac6012c2d3daeafaab7a501c035ae0ccb193c3c23e9849c6e29b6ac762b9c2adae460266f925d55a3a2a3a3c8b94be2f222df94d70c046
  languageName: node
  linkType: hard

"har-schema@npm:^2.0.0":
  version: 2.0.0
  resolution: "har-schema@npm:2.0.0"
  checksum: d8946348f333fb09e2bf24cc4c67eabb47c8e1d1aa1c14184c7ffec1140a49ec8aa78aa93677ae452d71d5fc0fdeec20f0c8c1237291fc2bcb3f502a5d204f9b
  languageName: node
  linkType: hard

"har-validator@npm:~5.1.3":
  version: 5.1.5
  resolution: "har-validator@npm:5.1.5"
  dependencies:
    ajv: ^6.12.3
    har-schema: ^2.0.0
  checksum: b998a7269ca560d7f219eedc53e2c664cd87d487e428ae854a6af4573fc94f182fe9d2e3b92ab968249baec7ebaf9ead69cf975c931dc2ab282ec182ee988280
  languageName: node
  linkType: hard

"has-flag@npm:^4.0.0":
  version: 4.0.0
  resolution: "has-flag@npm:4.0.0"
  checksum: 261a1357037ead75e338156b1f9452c016a37dcd3283a972a30d9e4a87441ba372c8b81f818cd0fbcd9c0354b4ae7e18b9e1afa1971164aef6d18c2b6095a8ad
  languageName: node
  linkType: hard

"http-signature@npm:~1.2.0":
  version: 1.2.0
  resolution: "http-signature@npm:1.2.0"
  dependencies:
    assert-plus: ^1.0.0
    jsprim: ^1.2.2
    sshpk: ^1.7.0
  checksum: 3324598712266a9683585bb84a75dec4fd550567d5e0dd4a0fff6ff3f74348793404d3eeac4918fa0902c810eeee1a86419e4a2e92a164132dfe6b26743fb47c
  languageName: node
  linkType: hard

"is-typedarray@npm:~1.0.0":
  version: 1.0.0
  resolution: "is-typedarray@npm:1.0.0"
  checksum: 3508c6cd0a9ee2e0df2fa2e9baabcdc89e911c7bd5cf64604586697212feec525aa21050e48affb5ffc3df20f0f5d2e2cf79b08caa64e1ccc9578e251763aef7
  languageName: node
  linkType: hard

"isstream@npm:~0.1.2":
  version: 0.1.2
  resolution: "isstream@npm:0.1.2"
  checksum: 1eb2fe63a729f7bdd8a559ab552c69055f4f48eb5c2f03724430587c6f450783c8f1cd936c1c952d0a927925180fcc892ebd5b174236cf1065d4bd5bdb37e963
  languageName: node
  linkType: hard

"jsbn@npm:~0.1.0":
  version: 0.1.1
  resolution: "jsbn@npm:0.1.1"
  checksum: e5ff29c1b8d965017ef3f9c219dacd6e40ad355c664e277d31246c90545a02e6047018c16c60a00f36d561b3647215c41894f5d869ada6908a2e0ce4200c88f2
  languageName: node
  linkType: hard

"json-schema-traverse@npm:^0.4.1":
  version: 0.4.1
  resolution: "json-schema-traverse@npm:0.4.1"
  checksum: 7486074d3ba247769fda17d5181b345c9fb7d12e0da98b22d1d71a5db9698d8b4bd900a3ec1a4ffdd60846fc2556274a5c894d0c48795f14cb03aeae7b55260b
  languageName: node
  linkType: hard

"json-schema@npm:0.4.0":
  version: 0.4.0
  resolution: "json-schema@npm:0.4.0"
  checksum: 66389434c3469e698da0df2e7ac5a3281bcff75e797a5c127db7c5b56270e01ae13d9afa3c03344f76e32e81678337a8c912bdbb75101c62e487dc3778461d72
  languageName: node
  linkType: hard

"json-stringify-safe@npm:~5.0.1":
  version: 5.0.1
  resolution: "json-stringify-safe@npm:5.0.1"
  checksum: 48ec0adad5280b8a96bb93f4563aa1667fd7a36334f79149abd42446d0989f2ddc58274b479f4819f1f00617957e6344c886c55d05a4e15ebb4ab931e4a6a8ee
  languageName: node
  linkType: hard

"jsprim@npm:^1.2.2":
  version: 1.4.2
  resolution: "jsprim@npm:1.4.2"
  dependencies:
    assert-plus: 1.0.0
    extsprintf: 1.3.0
    json-schema: 0.4.0
    verror: 1.10.0
  checksum: 2ad1b9fdcccae8b3d580fa6ced25de930eaa1ad154db21bbf8478a4d30bbbec7925b5f5ff29b933fba9412b16a17bd484a8da4fdb3663b5e27af95dd693bab2a
  languageName: node
  linkType: hard

"lru-cache@npm:4.1.x":
  version: 4.1.5
  resolution: "lru-cache@npm:4.1.5"
  dependencies:
    pseudomap: ^1.0.2
    yallist: ^2.1.2
  checksum: 4bb4b58a36cd7dc4dcec74cbe6a8f766a38b7426f1ff59d4cf7d82a2aa9b9565cd1cb98f6ff60ce5cd174524868d7bc9b7b1c294371851356066ca9ac4cf135a
  languageName: node
  linkType: hard

"mime-db@npm:1.52.0":
  version: 1.52.0
  resolution: "mime-db@npm:1.52.0"
  checksum: 0d99a03585f8b39d68182803b12ac601d9c01abfa28ec56204fa330bc9f3d1c5e14beb049bafadb3dbdf646dfb94b87e24d4ec7b31b7279ef906a8ea9b6a513f
  languageName: node
  linkType: hard

"mime-types@npm:^2.1.12, mime-types@npm:~2.1.19":
  version: 2.1.35
  resolution: "mime-types@npm:2.1.35"
  dependencies:
    mime-db: 1.52.0
  checksum: 89a5b7f1def9f3af5dad6496c5ed50191ae4331cc5389d7c521c8ad28d5fdad2d06fd81baf38fed813dc4e46bb55c8145bb0ff406330818c9cf712fb2e9b3836
  languageName: node
  linkType: hard

"node-releases@npm:^2.0.12":
  version: 2.0.12
  resolution: "node-releases@npm:2.0.12"
  checksum: b8c56db82c4642a0f443332b331a4396dae452a2ac5a65c8dbd93ef89ecb2fbb0da9d42ac5366d4764973febadca816cf7587dad492dce18d2a6b2af59cda260
  languageName: node
  linkType: hard

"oauth-sign@npm:~0.9.0":
  version: 0.9.0
  resolution: "oauth-sign@npm:0.9.0"
  checksum: 8f5497a127967866a3c67094c21efd295e46013a94e6e828573c62220e9af568cc1d2d04b16865ba583e430510fa168baf821ea78f355146d8ed7e350fc44c64
  languageName: node
  linkType: hard

"os-tmpdir@npm:~1.0.2":
  version: 1.0.2
  resolution: "os-tmpdir@npm:1.0.2"
  checksum: 5666560f7b9f10182548bf7013883265be33620b1c1b4a4d405c25be2636f970c5488ff3e6c48de75b55d02bde037249fe5dbfbb4c0fb7714953d56aed062e6d
  languageName: node
  linkType: hard

"performance-now@npm:^2.1.0":
  version: 2.1.0
  resolution: "performance-now@npm:2.1.0"
  checksum: 534e641aa8f7cba160f0afec0599b6cecefbb516a2e837b512be0adbe6c1da5550e89c78059c7fabc5c9ffdf6627edabe23eb7c518c4500067a898fa65c2b550
  languageName: node
  linkType: hard

"picocolors@npm:^1.0.0":
  version: 1.0.0
  resolution: "picocolors@npm:1.0.0"
  checksum: a2e8092dd86c8396bdba9f2b5481032848525b3dc295ce9b57896f931e63fc16f79805144321f72976383fc249584672a75cc18d6777c6b757603f372f745981
  languageName: node
  linkType: hard

"pseudomap@npm:^1.0.2":
  version: 1.0.2
  resolution: "pseudomap@npm:1.0.2"
  checksum: 856c0aae0ff2ad60881168334448e898ad7a0e45fe7386d114b150084254c01e200c957cf378378025df4e052c7890c5bd933939b0e0d2ecfcc1dc2f0b2991f5
  languageName: node
  linkType: hard

"psl@npm:^1.1.28":
  version: 1.9.0
  resolution: "psl@npm:1.9.0"
  checksum: 20c4277f640c93d393130673f392618e9a8044c6c7bf61c53917a0fddb4952790f5f362c6c730a9c32b124813e173733f9895add8d26f566ed0ea0654b2e711d
  languageName: node
  linkType: hard

"punycode@npm:^2.1.0, punycode@npm:^2.1.1":
  version: 2.3.0
  resolution: "punycode@npm:2.3.0"
  checksum: 39f760e09a2a3bbfe8f5287cf733ecdad69d6af2fe6f97ca95f24b8921858b91e9ea3c9eeec6e08cede96181b3bb33f95c6ffd8c77e63986508aa2e8159fa200
  languageName: node
  linkType: hard

"qs@npm:~6.5.2":
  version: 6.5.3
  resolution: "qs@npm:6.5.3"
  checksum: 6f20bf08cabd90c458e50855559539a28d00b2f2e7dddcb66082b16a43188418cb3cb77cbd09268bcef6022935650f0534357b8af9eeb29bf0f27ccb17655692
  languageName: node
  linkType: hard

"regenerator-runtime@npm:^0.13.11":
  version: 0.13.11
  resolution: "regenerator-runtime@npm:0.13.11"
  checksum: 27481628d22a1c4e3ff551096a683b424242a216fee44685467307f14d58020af1e19660bf2e26064de946bad7eff28950eae9f8209d55723e2d9351e632bbb4
  languageName: node
  linkType: hard

"request@npm:^2.88.0":
  version: 2.88.2
  resolution: "request@npm:2.88.2"
  dependencies:
    aws-sign2: ~0.7.0
    aws4: ^1.8.0
    caseless: ~0.12.0
    combined-stream: ~1.0.6
    extend: ~3.0.2
    forever-agent: ~0.6.1
    form-data: ~2.3.2
    har-validator: ~5.1.3
    http-signature: ~1.2.0
    is-typedarray: ~1.0.0
    isstream: ~0.1.2
    json-stringify-safe: ~5.0.1
    mime-types: ~2.1.19
    oauth-sign: ~0.9.0
    performance-now: ^2.1.0
    qs: ~6.5.2
    safe-buffer: ^5.1.2
    tough-cookie: ~2.5.0
    tunnel-agent: ^0.6.0
    uuid: ^3.3.2
  checksum: 4e112c087f6eabe7327869da2417e9d28fcd0910419edd2eb17b6acfc4bfa1dad61954525949c228705805882d8a98a86a0ea12d7f739c01ee92af7062996983
  languageName: node
  linkType: hard

"safe-buffer@npm:^5.0.1, safe-buffer@npm:^5.1.2":
  version: 5.2.1
  resolution: "safe-buffer@npm:5.2.1"
  checksum: b99c4b41fdd67a6aaf280fcd05e9ffb0813654894223afb78a31f14a19ad220bba8aba1cb14eddce1fcfb037155fe6de4e861784eb434f7d11ed58d1e70dd491
  languageName: node
  linkType: hard

"safer-buffer@npm:^2.0.2, safer-buffer@npm:^2.1.0, safer-buffer@npm:~2.1.0":
  version: 2.1.2
  resolution: "safer-buffer@npm:2.1.2"
  checksum: cab8f25ae6f1434abee8d80023d7e72b598cf1327164ddab31003c51215526801e40b66c5e65d658a0af1e9d6478cadcb4c745f4bd6751f97d8644786c0978b0
  languageName: node
  linkType: hard

"semver@npm:5.5.x":
  version: 5.5.1
  resolution: "semver@npm:5.5.1"
  bin:
    semver: ./bin/semver
  checksum: ab920176f5324376c683a2f1bdb5f8d5ccdcc3f5c0a4547bddae7958a457f0813cf9f32ef3cdc77a40c1066d9c3a7599a986d47abae628d37bc637a0f6e6bbc5
  languageName: node
  linkType: hard

"sshpk@npm:^1.7.0":
  version: 1.17.0
  resolution: "sshpk@npm:1.17.0"
  dependencies:
    asn1: ~0.2.3
    assert-plus: ^1.0.0
    bcrypt-pbkdf: ^1.0.0
    dashdash: ^1.12.0
    ecc-jsbn: ~0.1.1
    getpass: ^0.1.1
    jsbn: ~0.1.0
    safer-buffer: ^2.0.2
    tweetnacl: ~0.14.0
  bin:
    sshpk-conv: bin/sshpk-conv
    sshpk-sign: bin/sshpk-sign
    sshpk-verify: bin/sshpk-verify
  checksum: ba109f65c8e6c35133b8e6ed5576abeff8aa8d614824b7275ec3ca308f081fef483607c28d97780c1e235818b0f93ed8c8b56d0a5968d5a23fd6af57718c7597
  languageName: node
  linkType: hard

"supports-color@npm:^7.1.0":
  version: 7.2.0
  resolution: "supports-color@npm:7.2.0"
  dependencies:
    has-flag: ^4.0.0
  checksum: 3dda818de06ebbe5b9653e07842d9479f3555ebc77e9a0280caf5a14fb877ffee9ed57007c3b78f5a6324b8dbeec648d9e97a24e2ed9fdb81ddc69ea07100f4a
  languageName: node
  linkType: hard

"tmp@npm:0.0.x":
  version: 0.0.33
  resolution: "tmp@npm:0.0.33"
  dependencies:
    os-tmpdir: ~1.0.2
  checksum: 902d7aceb74453ea02abbf58c203f4a8fc1cead89b60b31e354f74ed5b3fb09ea817f94fb310f884a5d16987dd9fa5a735412a7c2dd088dd3d415aa819ae3a28
  languageName: node
  linkType: hard

"tough-cookie@npm:~2.5.0":
  version: 2.5.0
  resolution: "tough-cookie@npm:2.5.0"
  dependencies:
    psl: ^1.1.28
    punycode: ^2.1.1
  checksum: 16a8cd090224dd176eee23837cbe7573ca0fa297d7e468ab5e1c02d49a4e9a97bb05fef11320605eac516f91d54c57838a25864e8680e27b069a5231d8264977
  languageName: node
  linkType: hard

"tunnel-agent@npm:^0.6.0":
  version: 0.6.0
  resolution: "tunnel-agent@npm:0.6.0"
  dependencies:
    safe-buffer: ^5.0.1
  checksum: 05f6510358f8afc62a057b8b692f05d70c1782b70db86d6a1e0d5e28a32389e52fa6e7707b6c5ecccacc031462e4bc35af85ecfe4bbc341767917b7cf6965711
  languageName: node
  linkType: hard

"tweetnacl@npm:^0.14.3, tweetnacl@npm:~0.14.0":
  version: 0.14.5
  resolution: "tweetnacl@npm:0.14.5"
  checksum: 6061daba1724f59473d99a7bb82e13f211cdf6e31315510ae9656fefd4779851cb927adad90f3b488c8ed77c106adc0421ea8055f6f976ff21b27c5c4e918487
  languageName: node
  linkType: hard

"update-browserslist-db@npm:^1.0.11":
  version: 1.0.11
  resolution: "update-browserslist-db@npm:1.0.11"
  dependencies:
    escalade: ^3.1.1
    picocolors: ^1.0.0
  peerDependencies:
    browserslist: ">= 4.21.0"
  bin:
    update-browserslist-db: cli.js
  checksum: b98327518f9a345c7cad5437afae4d2ae7d865f9779554baf2a200fdf4bac4969076b679b1115434bd6557376bdd37ca7583d0f9b8f8e302d7d4cc1e91b5f231
  languageName: node
  linkType: hard

"uri-js@npm:^4.2.2":
  version: 4.4.1
  resolution: "uri-js@npm:4.4.1"
  dependencies:
    punycode: ^2.1.0
  checksum: 7167432de6817fe8e9e0c9684f1d2de2bb688c94388f7569f7dbdb1587c9f4ca2a77962f134ec90be0cc4d004c939ff0d05acc9f34a0db39a3c797dada262633
  languageName: node
  linkType: hard

"useragent@npm:^2.3.0":
  version: 2.3.0
  resolution: "useragent@npm:2.3.0"
  dependencies:
    lru-cache: 4.1.x
    tmp: 0.0.x
  checksum: 966e418122ca87cf54266360f4cb13b61dea36a8dcc7a34bad0eb447ab7b3b3fbbeda64135eb5bfb015e0d97924364bd2196b819f485cfe883a0dd57064573c4
  languageName: node
  linkType: hard

"uuid@npm:^3.3.2":
  version: 3.4.0
  resolution: "uuid@npm:3.4.0"
  bin:
    uuid: ./bin/uuid
  checksum: 58de2feed61c59060b40f8203c0e4ed7fd6f99d42534a499f1741218a1dd0c129f4aa1de797bcf822c8ea5da7e4137aa3673431a96dae729047f7aca7b27866f
  languageName: node
  linkType: hard

"verror@npm:1.10.0":
  version: 1.10.0
  resolution: "verror@npm:1.10.0"
  dependencies:
    assert-plus: ^1.0.0
    core-util-is: 1.0.2
    extsprintf: ^1.2.0
  checksum: c431df0bedf2088b227a4e051e0ff4ca54df2c114096b0c01e1cbaadb021c30a04d7dd5b41ab277bcd51246ca135bf931d4c4c796ecae7a4fef6d744ecef36ea
  languageName: node
  linkType: hard

"veupathdb-client-container@workspace:.":
  version: 0.0.0-use.local
  resolution: "veupathdb-client-container@workspace:."
  dependencies:
    browserslist-useragent-regexp: ^2.1.0
  languageName: unknown
  linkType: soft

"wcwidth@npm:^1.0.1":
  version: 1.0.1
  resolution: "wcwidth@npm:1.0.1"
  dependencies:
    defaults: ^1.0.3
  checksum: 814e9d1ddcc9798f7377ffa448a5a3892232b9275ebb30a41b529607691c0491de47cba426e917a4d08ded3ee7e9ba2f3fe32e62ee3cd9c7d3bafb7754bd553c
  languageName: node
  linkType: hard

"yallist@npm:^2.1.2":
  version: 2.1.2
  resolution: "yallist@npm:2.1.2"
  checksum: 9ba99409209f485b6fcb970330908a6d41fa1c933f75e08250316cce19383179a6b70a7e0721b89672ebb6199cc377bf3e432f55100da6a7d6e11902b0a642cb
  languageName: node
  linkType: hard

"yamlparser@npm:0.0.x":
  version: 0.0.2
  resolution: "yamlparser@npm:0.0.2"
  checksum: 9f09b0af2bc24f22153250b0eac88b491d59c38449fbfec665d13e746941e3a089f47c592a9ca8d9f0aab8b7014fe813642f955de93d23a179f05fe1e29e6f3e
  languageName: node
  linkType: hard
