# THIS IS AN AUTOGENERATED FILE. DO NOT EDIT THIS FILE DIRECTLY.
# yarn lockfile v1


"@types/cytoscape@^3.14.7":
  version "3.14.7"
  resolved "https://registry.yarnpkg.com/@types/cytoscape/-/cytoscape-3.14.7.tgz#2482ff7bfce0f91039135d5366b9239c22db41f2"
  integrity sha512-r/3luR7HMfjp9LFrvpHzvQ0fiZp6Ko6ijw0rh4eIKpJRBDHt1406tyR/JjTbhq3WTuqrrYfFNbeYvq+Rv3aTQQ==

cytoscape@^3.15.2:
  version "3.15.2"
  resolved "https://registry.yarnpkg.com/cytoscape/-/cytoscape-3.15.2.tgz#a26bb3053471babfe0178e740672cd99a46b28de"
  integrity sha512-HCAWjKYH60wMAl4x/QwInVuqQapJn/y6U98T0hl1WAiaNasvgIO5i+oUzddf/exG1oVKfXSNQz6E5Em6c2+HFA==
  dependencies:
    heap "^0.2.6"
    lodash.debounce "^4.0.8"

heap@^0.2.6:
  version "0.2.6"
  resolved "https://registry.yarnpkg.com/heap/-/heap-0.2.6.tgz#087e1f10b046932fc8594dd9e6d378afc9d1e5ac"
  integrity sha1-CH4fELBGky/IWU3Z5tN4r8nR5aw=

lodash.debounce@^4.0.8:
  version "4.0.8"
  resolved "https://registry.yarnpkg.com/lodash.debounce/-/lodash.debounce-4.0.8.tgz#82d79bff30a67c4005ffd5e2515300ad9ca4d7af"
  integrity sha1-gteb/zCmfEAF/9XiUVMArZyk168=
